
Microsoft Visual Studio Solution File, Format Version 12.00
# Visual Studio Version 17
VisualStudioVersion = 17.13.35919.96
MinimumVisualStudioVersion = 10.0.40219.1
Project("{FAE04EC0-301F-11D3-BF4B-00C04F79EFBC}") = "BookBarter.Domain", "src\BookBarter.Domain\BookBarter.Domain.csproj", "{C392E113-7C34-485F-82B1-753995A909C2}"
EndProject
Project("{FAE04EC0-301F-11D3-BF4B-00C04F79EFBC}") = "BookBarter.Application", "src\BookBarter.Application\BookBarter.Application.csproj", "{DB946960-025A-4090-A560-A314FB9E6AAB}"
EndProject
Project("{FAE04EC0-301F-11D3-BF4B-00C04F79EFBC}") = "BookBarter.Infrastructure", "src\BookBarter.Infrastructure\BookBarter.Infrastructure.csproj", "{19C538BD-D90E-48B0-BDE3-39E8A57E0FF6}"
EndProject
Project("{FAE04EC0-301F-11D3-BF4B-00C04F79EFBC}") = "BookBarter.API", "src\BookBarter.API\BookBarter.API.csproj", "{8BF27D95-7F3C-4C27-A687-6C0817CEF53F}"
EndProject
Project("{FAE04EC0-301F-11D3-BF4B-00C04F79EFBC}") = "BookBarter.UnitTests", "BookBarter.UnitTests\BookBarter.UnitTests.csproj", "{50103CB2-A6A7-4E26-9C11-327AF8C54651}"
EndProject
Project("{FAE04EC0-301F-11D3-BF4B-00C04F79EFBC}") = "BookBarter.IntegrationTests", "BookBarter.IntegrationTests\BookBarter.IntegrationTests.csproj", "{0DBAA875-D7CC-4BDC-8B36-2635CFFA1050}"
EndProject
Global
	GlobalSection(SolutionConfigurationPlatforms) = preSolution
		Debug|Any CPU = Debug|Any CPU
		Release|Any CPU = Release|Any CPU
	EndGlobalSection
	GlobalSection(ProjectConfigurationPlatforms) = postSolution
		{C392E113-7C34-485F-82B1-753995A909C2}.Debug|Any CPU.ActiveCfg = Debug|Any CPU
		{C392E113-7C34-485F-82B1-753995A909C2}.Debug|Any CPU.Build.0 = Debug|Any CPU
		{C392E113-7C34-485F-82B1-753995A909C2}.Release|Any CPU.ActiveCfg = Release|Any CPU
		{C392E113-7C34-485F-82B1-753995A909C2}.Release|Any CPU.Build.0 = Release|Any CPU
		{DB946960-025A-4090-A560-A314FB9E6AAB}.Debug|Any CPU.ActiveCfg = Debug|Any CPU
		{DB946960-025A-4090-A560-A314FB9E6AAB}.Debug|Any CPU.Build.0 = Debug|Any CPU
		{DB946960-025A-4090-A560-A314FB9E6AAB}.Release|Any CPU.ActiveCfg = Release|Any CPU
		{DB946960-025A-4090-A560-A314FB9E6AAB}.Release|Any CPU.Build.0 = Release|Any CPU
		{19C538BD-D90E-48B0-BDE3-39E8A57E0FF6}.Debug|Any CPU.ActiveCfg = Debug|Any CPU
		{19C538BD-D90E-48B0-BDE3-39E8A57E0FF6}.Debug|Any CPU.Build.0 = Debug|Any CPU
		{19C538BD-D90E-48B0-BDE3-39E8A57E0FF6}.Release|Any CPU.ActiveCfg = Release|Any CPU
		{19C538BD-D90E-48B0-BDE3-39E8A57E0FF6}.Release|Any CPU.Build.0 = Release|Any CPU
		{8BF27D95-7F3C-4C27-A687-6C0817CEF53F}.Debug|Any CPU.ActiveCfg = Debug|Any CPU
		{8BF27D95-7F3C-4C27-A687-6C0817CEF53F}.Debug|Any CPU.Build.0 = Debug|Any CPU
		{8BF27D95-7F3C-4C27-A687-6C0817CEF53F}.Release|Any CPU.ActiveCfg = Release|Any CPU
		{8BF27D95-7F3C-4C27-A687-6C0817CEF53F}.Release|Any CPU.Build.0 = Release|Any CPU
		{50103CB2-A6A7-4E26-9C11-327AF8C54651}.Debug|Any CPU.ActiveCfg = Debug|Any CPU
		{50103CB2-A6A7-4E26-9C11-327AF8C54651}.Debug|Any CPU.Build.0 = Debug|Any CPU
		{50103CB2-A6A7-4E26-9C11-327AF8C54651}.Release|Any CPU.ActiveCfg = Release|Any CPU
		{50103CB2-A6A7-4E26-9C11-327AF8C54651}.Release|Any CPU.Build.0 = Release|Any CPU
		{0DBAA875-D7CC-4BDC-8B36-2635CFFA1050}.Debug|Any CPU.ActiveCfg = Debug|Any CPU
		{0DBAA875-D7CC-4BDC-8B36-2635CFFA1050}.Debug|Any CPU.Build.0 = Debug|Any CPU
		{0DBAA875-D7CC-4BDC-8B36-2635CFFA1050}.Release|Any CPU.ActiveCfg = Release|Any CPU
		{0DBAA875-D7CC-4BDC-8B36-2635CFFA1050}.Release|Any CPU.Build.0 = Release|Any CPU
	EndGlobalSection
	GlobalSection(SolutionProperties) = preSolution
		HideSolutionNode = FALSE
	EndGlobalSection
	GlobalSection(ExtensibilityGlobals) = postSolution
		SolutionGuid = {2ECBB564-FF91-495B-A607-BB513A75F51C}
	EndGlobalSection
EndGlobal
